// !$*UTF8*$!
{
	archiveVersion = 1;
	classes = {
	};
	objectVersion = 46;
	objects = {

/* Begin PBXBuildFile section */
		11E7E1141FCB57980029CE13 /* AppDelegate.swift in Sources */ = {isa = PBXBuildFile; fileRef = 11E7E1131FCB57980029CE13 /* AppDelegate.swift */; };
		11E7E1161FCB57980029CE13 /* ViewController.swift in Sources */ = {isa = PBXBuildFile; fileRef = 11E7E1151FCB57980029CE13 /* ViewController.swift */; };
		11E7E1191FCB57980029CE13 /* Main.storyboard in Resources */ = {isa = PBXBuildFile; fileRef = 11E7E1171FCB57980029CE13 /* Main.storyboard */; };
		11E7E11B1FCB57980029CE13 /* Assets.xcassets in Resources */ = {isa = PBXBuildFile; fileRef = 11E7E11A1FCB57980029CE13 /* Assets.xcassets */; };
		11E7E11E1FCB57980029CE13 /* LaunchScreen.storyboard in Resources */ = {isa = PBXBuildFile; fileRef = 11E7E11C1FCB57980029CE13 /* LaunchScreen.storyboard */; };
		11E7E1291FCB57980029CE13 /* PocketMortysCraftingRecipesTests.swift in Sources */ = {isa = PBXBuildFile; fileRef = 11E7E1281FCB57980029CE13 /* PocketMortysCraftingRecipesTests.swift */; };
		11E7E1341FCB57980029CE13 /* PocketMortysCraftingRecipesUITests.swift in Sources */ = {isa = PBXBuildFile; fileRef = 11E7E1331FCB57980029CE13 /* PocketMortysCraftingRecipesUITests.swift */; };
/* End PBXBuildFile section */

/* Begin PBXContainerItemProxy section */
		11E7E1251FCB57980029CE13 /* PBXContainerItemProxy */ = {
			isa = PBXContainerItemProxy;
			containerPortal = 11E7E1081FCB57980029CE13 /* Project object */;
			proxyType = 1;
			remoteGlobalIDString = 11E7E10F1FCB57980029CE13;
			remoteInfo = PocketMortysCraftingRecipes;
		};
		11E7E1301FCB57980029CE13 /* PBXContainerItemProxy */ = {
			isa = PBXContainerItemProxy;
			containerPortal = 11E7E1081FCB57980029CE13 /* Project object */;
			proxyType = 1;
			remoteGlobalIDString = 11E7E10F1FCB57980029CE13;
			remoteInfo = PocketMortysCraftingRecipes;
		};
/* End PBXContainerItemProxy section */

/* Begin PBXFileReference section */
		11E7E1101FCB57980029CE13 /* PocketMortysCraftingRecipes.app */ = {isa = PBXFileReference; explicitFileType = wrapper.application; includeInIndex = 0; path = PocketMortysCraftingRecipes.app; sourceTree = BUILT_PRODUCTS_DIR; };
		11E7E1131FCB57980029CE13 /* AppDelegate.swift */ = {isa = PBXFileReference; lastKnownFileType = sourcecode.swift; path = AppDelegate.swift; sourceTree = "<group>"; };
		11E7E1151FCB57980029CE13 /* ViewController.swift */ = {isa = PBXFileReference; lastKnownFileType = sourcecode.swift; path = ViewController.swift; sourceTree = "<group>"; };
		11E7E1181FCB57980029CE13 /* Base */ = {isa = PBXFileReference; lastKnownFileType = file.storyboard; name = Base; path = Base.lproj/Main.storyboard; sourceTree = "<group>"; };
		11E7E11A1FCB57980029CE13 /* Assets.xcassets */ = {isa = PBXFileReference; lastKnownFileType = folder.assetcatalog; path = Assets.xcassets; sourceTree = "<group>"; };
		11E7E11D1FCB57980029CE13 /* Base */ = {isa = PBXFileReference; lastKnownFileType = file.storyboard; name = Base; path = Base.lproj/LaunchScreen.storyboard; sourceTree = "<group>"; };
		11E7E11F1FCB57980029CE13 /* Info.plist */ = {isa = PBXFileReference; lastKnownFileType = text.plist.xml; path = Info.plist; sourceTree = "<group>"; };
		11E7E1241FCB57980029CE13 /* PocketMortysCraftingRecipesTests.xctest */ = {isa = PBXFileReference; explicitFileType = wrapper.cfbundle; includeInIndex = 0; path = PocketMortysCraftingRecipesTests.xctest; sourceTree = BUILT_PRODUCTS_DIR; };
		11E7E1281FCB57980029CE13 /* PocketMortysCraftingRecipesTests.swift */ = {isa = PBXFileReference; lastKnownFileType = sourcecode.swift; path = PocketMortysCraftingRecipesTests.swift; sourceTree = "<group>"; };
		11E7E12A1FCB57980029CE13 /* Info.plist */ = {isa = PBXFileReference; lastKnownFileType = text.plist.xml; path = Info.plist; sourceTree = "<group>"; };
		11E7E12F1FCB57980029CE13 /* PocketMortysCraftingRecipesUITests.xctest */ = {isa = PBXFileReference; explicitFileType = wrapper.cfbundle; includeInIndex = 0; path = PocketMortysCraftingRecipesUITests.xctest; sourceTree = BUILT_PRODUCTS_DIR; };
		11E7E1331FCB57980029CE13 /* PocketMortysCraftingRecipesUITests.swift */ = {isa = PBXFileReference; lastKnownFileType = sourcecode.swift; path = PocketMortysCraftingRecipesUITests.swift; sourceTree = "<group>"; };
		11E7E1351FCB57980029CE13 /* Info.plist */ = {isa = PBXFileReference; lastKnownFileType = text.plist.xml; path = Info.plist; sourceTree = "<group>"; };
/* End PBXFileReference section */

/* Begin PBXFrameworksBuildPhase section */
		11E7E10D1FCB57980029CE13 /* Frameworks */ = {
			isa = PBXFrameworksBuildPhase;
			buildActionMask = 2147483647;
			files = (
			);
			runOnlyForDeploymentPostprocessing = 0;
		};
		11E7E1211FCB57980029CE13 /* Frameworks */ = {
			isa = PBXFrameworksBuildPhase;
			buildActionMask = 2147483647;
			files = (
			);
			runOnlyForDeploymentPostprocessing = 0;
		};
		11E7E12C1FCB57980029CE13 /* Frameworks */ = {
			isa = PBXFrameworksBuildPhase;
			buildActionMask = 2147483647;
			files = (
			);
			runOnlyForDeploymentPostprocessing = 0;
		};
/* End PBXFrameworksBuildPhase section */

/* Begin PBXGroup section */
		11E7E1071FCB57980029CE13 = {
			isa = PBXGroup;
			children = (
				11E7E1121FCB57980029CE13 /* PocketMortysCraftingRecipes */,
				11E7E1271FCB57980029CE13 /* PocketMortysCraftingRecipesTests */,
				11E7E1321FCB57980029CE13 /* PocketMortysCraftingRecipesUITests */,
				11E7E1111FCB57980029CE13 /* Products */,
			);
			sourceTree = "<group>";
		};
		11E7E1111FCB57980029CE13 /* Products */ = {
			isa = PBXGroup;
			children = (
				11E7E1101FCB57980029CE13 /* PocketMortysCraftingRecipes.app */,
				11E7E1241FCB57980029CE13 /* PocketMortysCraftingRecipesTests.xctest */,
				11E7E12F1FCB57980029CE13 /* PocketMortysCraftingRecipesUITests.xctest */,
			);
			name = Products;
			sourceTree = "<group>";
		};
		11E7E1121FCB57980029CE13 /* PocketMortysCraftingRecipes */ = {
			isa = PBXGroup;
			children = (
				11E7E1131FCB57980029CE13 /* AppDelegate.swift */,
				11E7E1151FCB57980029CE13 /* ViewController.swift */,
				11E7E1171FCB57980029CE13 /* Main.storyboard */,
				11E7E11A1FCB57980029CE13 /* Assets.xcassets */,
				11E7E11C1FCB57980029CE13 /* LaunchScreen.storyboard */,
				11E7E11F1FCB57980029CE13 /* Info.plist */,
			);
			path = PocketMortysCraftingRecipes;
			sourceTree = "<group>";
		};
		11E7E1271FCB57980029CE13 /* PocketMortysCraftingRecipesTests */ = {
			isa = PBXGroup;
			children = (
				11E7E1281FCB57980029CE13 /* PocketMortysCraftingRecipesTests.swift */,
				11E7E12A1FCB57980029CE13 /* Info.plist */,
			);
			path = PocketMortysCraftingRecipesTests;
			sourceTree = "<group>";
		};
		11E7E1321FCB57980029CE13 /* PocketMortysCraftingRecipesUITests */ = {
			isa = PBXGroup;
			children = (
				11E7E1331FCB57980029CE13 /* PocketMortysCraftingRecipesUITests.swift */,
				11E7E1351FCB57980029CE13 /* Info.plist */,
			);
			path = PocketMortysCraftingRecipesUITests;
			sourceTree = "<group>";
		};
/* End PBXGroup section */

/* Begin PBXNativeTarget section */
		11E7E10F1FCB57980029CE13 /* PocketMortysCraftingRecipes */ = {
			isa = PBXNativeTarget;
			buildConfigurationList = 11E7E1381FCB57980029CE13 /* Build configuration list for PBXNativeTarget "PocketMortysCraftingRecipes" */;
			buildPhases = (
				11E7E10C1FCB57980029CE13 /* Sources */,
				11E7E10D1FCB57980029CE13 /* Frameworks */,
				11E7E10E1FCB57980029CE13 /* Resources */,
			);
			buildRules = (
			);
			dependencies = (
			);
			name = PocketMortysCraftingRecipes;
			productName = PocketMortysCraftingRecipes;
			productReference = 11E7E1101FCB57980029CE13 /* PocketMortysCraftingRecipes.app */;
			productType = "com.apple.product-type.application";
		};
		11E7E1231FCB57980029CE13 /* PocketMortysCraftingRecipesTests */ = {
			isa = PBXNativeTarget;
			buildConfigurationList = 11E7E13B1FCB57980029CE13 /* Build configuration list for PBXNativeTarget "PocketMortysCraftingRecipesTests" */;
			buildPhases = (
				11E7E1201FCB57980029CE13 /* Sources */,
				11E7E1211FCB57980029CE13 /* Frameworks */,
				11E7E1221FCB57980029CE13 /* Resources */,
			);
			buildRules = (
			);
			dependencies = (
				11E7E1261FCB57980029CE13 /* PBXTargetDependency */,
			);
			name = PocketMortysCraftingRecipesTests;
			productName = PocketMortysCraftingRecipesTests;
			productReference = 11E7E1241FCB57980029CE13 /* PocketMortysCraftingRecipesTests.xctest */;
			productType = "com.apple.product-type.bundle.unit-test";
		};
		11E7E12E1FCB57980029CE13 /* PocketMortysCraftingRecipesUITests */ = {
			isa = PBXNativeTarget;
			buildConfigurationList = 11E7E13E1FCB57980029CE13 /* Build configuration list for PBXNativeTarget "PocketMortysCraftingRecipesUITests" */;
			buildPhases = (
				11E7E12B1FCB57980029CE13 /* Sources */,
				11E7E12C1FCB57980029CE13 /* Frameworks */,
				11E7E12D1FCB57980029CE13 /* Resources */,
			);
			buildRules = (
			);
			dependencies = (
				11E7E1311FCB57980029CE13 /* PBXTargetDependency */,
			);
			name = PocketMortysCraftingRecipesUITests;
			productName = PocketMortysCraftingRecipesUITests;
			productReference = 11E7E12F1FCB57980029CE13 /* PocketMortysCraftingRecipesUITests.xctest */;
			productType = "com.apple.product-type.bundle.ui-testing";
		};
/* End PBXNativeTarget section */

/* Begin PBXProject section */
		11E7E1081FCB57980029CE13 /* Project object */ = {
			isa = PBXProject;
			attributes = {
				LastSwiftUpdateCheck = 0830;
				LastUpgradeCheck = 0830;
				ORGANIZATIONNAME = Appdojo;
				TargetAttributes = {
					11E7E10F1FCB57980029CE13 = {
						CreatedOnToolsVersion = 8.3.3;
						DevelopmentTeam = 5PJ639S4VT;
						ProvisioningStyle = Automatic;
					};
					11E7E1231FCB57980029CE13 = {
						CreatedOnToolsVersion = 8.3.3;
						DevelopmentTeam = 5PJ639S4VT;
						ProvisioningStyle = Automatic;
						TestTargetID = 11E7E10F1FCB57980029CE13;
					};
					11E7E12E1FCB57980029CE13 = {
						CreatedOnToolsVersion = 8.3.3;
						DevelopmentTeam = 5PJ639S4VT;
						ProvisioningStyle = Automatic;
						TestTargetID = 11E7E10F1FCB57980029CE13;
					};
				};
			};
			buildConfigurationList = 11E7E10B1FCB57980029CE13 /* Build configuration list for PBXProject "PocketMortysCraftingRecipes" */;
			compatibilityVersion = "Xcode 3.2";
			developmentRegion = English;
			hasScannedForEncodings = 0;
			knownRegions = (
				en,
				Base,
			);
			mainGroup = 11E7E1071FCB57980029CE13;
			productRefGroup = 11E7E1111FCB57980029CE13 /* Products */;
			projectDirPath = "";
			projectRoot = "";
			targets = (
				11E7E10F1FCB57980029CE13 /* PocketMortysCraftingRecipes */,
				11E7E1231FCB57980029CE13 /* PocketMortysCraftingRecipesTests */,
				11E7E12E1FCB57980029CE13 /* PocketMortysCraftingRecipesUITests */,
			);
		};
/* End PBXProject section */

/* Begin PBXResourcesBuildPhase section */
		11E7E10E1FCB57980029CE13 /* Resources */ = {
			isa = PBXResourcesBuildPhase;
			buildActionMask = 2147483647;
			files = (
				11E7E11E1FCB57980029CE13 /* LaunchScreen.storyboard in Resources */,
				11E7E11B1FCB57980029CE13 /* Assets.xcassets in Resources */,
				11E7E1191FCB57980029CE13 /* Main.storyboard in Resources */,
			);
			runOnlyForDeploymentPostprocessing = 0;
		};
		11E7E1221FCB57980029CE13 /* Resources */ = {
			isa = PBXResourcesBuildPhase;
			buildActionMask = 2147483647;
			files = (
			);
			runOnlyForDeploymentPostprocessing = 0;
		};
		11E7E12D1FCB57980029CE13 /* Resources */ = {
			isa = PBXResourcesBuildPhase;
			buildActionMask = 2147483647;
			files = (
			);
			runOnlyForDeploymentPostprocessing = 0;
		};
/* End PBXResourcesBuildPhase section */

/* Begin PBXSourcesBuildPhase section */
		11E7E10C1FCB57980029CE13 /* Sources */ = {
			isa = PBXSourcesBuildPhase;
			buildActionMask = 2147483647;
			files = (
				11E7E1161FCB57980029CE13 /* ViewController.swift in Sources */,
				11E7E1141FCB57980029CE13 /* AppDelegate.swift in Sources */,
			);
			runOnlyForDeploymentPostprocessing = 0;
		};
		11E7E1201FCB57980029CE13 /* Sources */ = {
			isa = PBXSourcesBuildPhase;
			buildActionMask = 2147483647;
			files = (
				11E7E1291FCB57980029CE13 /* PocketMortysCraftingRecipesTests.swift in Sources */,
			);
			runOnlyForDeploymentPostprocessing = 0;
		};
		11E7E12B1FCB57980029CE13 /* Sources */ = {
			isa = PBXSourcesBuildPhase;
			buildActionMask = 2147483647;
			files = (
				11E7E1341FCB57980029CE13 /* PocketMortysCraftingRecipesUITests.swift in Sources */,
			);
			runOnlyForDeploymentPostprocessing = 0;
		};
/* End PBXSourcesBuildPhase section */

/* Begin PBXTargetDependency section */
		11E7E1261FCB57980029CE13 /* PBXTargetDependency */ = {
			isa = PBXTargetDependency;
			target = 11E7E10F1FCB57980029CE13 /* PocketMortysCraftingRecipes */;
			targetProxy = 11E7E1251FCB57980029CE13 /* PBXContainerItemProxy */;
		};
		11E7E1311FCB57980029CE13 /* PBXTargetDependency */ = {
			isa = PBXTargetDependency;
			target = 11E7E10F1FCB57980029CE13 /* PocketMortysCraftingRecipes */;
			targetProxy = 11E7E1301FCB57980029CE13 /* PBXContainerItemProxy */;
		};
/* End PBXTargetDependency section */

/* Begin PBXVariantGroup section */
		11E7E1171FCB57980029CE13 /* Main.storyboard */ = {
			isa = PBXVariantGroup;
			children = (
				11E7E1181FCB57980029CE13 /* Base */,
			);
			name = Main.storyboard;
			sourceTree = "<group>";
		};
		11E7E11C1FCB57980029CE13 /* LaunchScreen.storyboard */ = {
			isa = PBXVariantGroup;
			children = (
				11E7E11D1FCB57980029CE13 /* Base */,
			);
			name = LaunchScreen.storyboard;
			sourceTree = "<group>";
		};
/* End PBXVariantGroup section */

/* Begin XCBuildConfiguration section */
		11E7E1361FCB57980029CE13 /* Debug */ = {
			isa = XCBuildConfiguration;
			buildSettings = {
				ALWAYS_SEARCH_USER_PATHS = NO;
				CLANG_ANALYZER_NONNULL = YES;
				CLANG_ANALYZER_NUMBER_OBJECT_CONVERSION = YES_AGGRESSIVE;
				CLANG_CXX_LANGUAGE_STANDARD = "gnu++0x";
				CLANG_CXX_LIBRARY = "libc++";
				CLANG_ENABLE_MODULES = YES;
				CLANG_ENABLE_OBJC_ARC = YES;
				CLANG_WARN_BOOL_CONVERSION = YES;
				CLANG_WARN_CONSTANT_CONVERSION = YES;
				CLANG_WARN_DIRECT_OBJC_ISA_USAGE = YES_ERROR;
				CLANG_WARN_DOCUMENTATION_COMMENTS = YES;
				CLANG_WARN_EMPTY_BODY = YES;
				CLANG_WARN_ENUM_CONVERSION = YES;
				CLANG_WARN_INFINITE_RECURSION = YES;
				CLANG_WARN_INT_CONVERSION = YES;
				CLANG_WARN_OBJC_ROOT_CLASS = YES_ERROR;
				CLANG_WARN_SUSPICIOUS_MOVE = YES;
				CLANG_WARN_UNREACHABLE_CODE = YES;
				CLANG_WARN__DUPLICATE_METHOD_MATCH = YES;
				"CODE_SIGN_IDENTITY[sdk=iphoneos*]" = "iPhone Developer";
				COPY_PHASE_STRIP = NO;
				DEBUG_INFORMATION_FORMAT = dwarf;
				ENABLE_STRICT_OBJC_MSGSEND = YES;
				ENABLE_TESTABILITY = YES;
				GCC_C_LANGUAGE_STANDARD = gnu99;
				GCC_DYNAMIC_NO_PIC = NO;
				GCC_NO_COMMON_BLOCKS = YES;
				GCC_OPTIMIZATION_LEVEL = 0;
				GCC_PREPROCESSOR_DEFINITIONS = (
					"DEBUG=1",
					"$(inherited)",
				);
				GCC_WARN_64_TO_32_BIT_CONVERSION = YES;
				GCC_WARN_ABOUT_RETURN_TYPE = YES_ERROR;
				GCC_WARN_UNDECLARED_SELECTOR = YES;
				GCC_WARN_UNINITIALIZED_AUTOS = YES_AGGRESSIVE;
				GCC_WARN_UNUSED_FUNCTION = YES;
				GCC_WARN_UNUSED_VARIABLE = YES;
				IPHONEOS_DEPLOYMENT_TARGET = 10.3;
				MTL_ENABLE_DEBUG_INFO = YES;
				ONLY_ACTIVE_ARCH = YES;
				SDKROOT = iphoneos;
				SWIFT_ACTIVE_COMPILATION_CONDITIONS = DEBUG;
				SWIFT_OPTIMIZATION_LEVEL = "-Onone";
				TARGETED_DEVICE_FAMILY = "1,2";
			};
			name = Debug;
		};
		11E7E1371FCB57980029CE13 /* Release */ = {
			isa = XCBuildConfiguration;
			buildSettings = {
				ALWAYS_SEARCH_USER_PATHS = NO;
				CLANG_ANALYZER_NONNULL = YES;
				CLANG_ANALYZER_NUMBER_OBJECT_CONVERSION = YES_AGGRESSIVE;
				CLANG_CXX_LANGUAGE_STANDARD = "gnu++0x";
				CLANG_CXX_LIBRARY = "libc++";
				CLANG_ENABLE_MODULES = YES;
				CLANG_ENABLE_OBJC_ARC = YES;
				CLANG_WARN_BOOL_CONVERSION = YES;
				CLANG_WARN_CONSTANT_CONVERSION = YES;
				CLANG_WARN_DIRECT_OBJC_ISA_USAGE = YES_ERROR;
				CLANG_WARN_DOCUMENTATION_COMMENTS = YES;
				CLANG_WARN_EMPTY_BODY = YES;
				CLANG_WARN_ENUM_CONVERSION = YES;
				CLANG_WARN_INFINITE_RECURSION = YES;
				CLANG_WARN_INT_CONVERSION = YES;
				CLANG_WARN_OBJC_ROOT_CLASS = YES_ERROR;
				CLANG_WARN_SUSPICIOUS_MOVE = YES;
				CLANG_WARN_UNREACHABLE_CODE = YES;
				CLANG_WARN__DUPLICATE_METHOD_MATCH = YES;
				"CODE_SIGN_IDENTITY[sdk=iphoneos*]" = "iPhone Developer";
				COPY_PHASE_STRIP = NO;
				DEBUG_INFORMATION_FORMAT = "dwarf-with-dsym";
				ENABLE_NS_ASSERTIONS = NO;
				ENABLE_STRICT_OBJC_MSGSEND = YES;
				GCC_C_LANGUAGE_STANDARD = gnu99;
				GCC_NO_COMMON_BLOCKS = YES;
				GCC_WARN_64_TO_32_BIT_CONVERSION = YES;
				GCC_WARN_ABOUT_RETURN_TYPE = YES_ERROR;
				GCC_WARN_UNDECLARED_SELECTOR = YES;
				GCC_WARN_UNINITIALIZED_AUTOS = YES_AGGRESSIVE;
				GCC_WARN_UNUSED_FUNCTION = YES;
				GCC_WARN_UNUSED_VARIABLE = YES;
				IPHONEOS_DEPLOYMENT_TARGET = 10.3;
				MTL_ENABLE_DEBUG_INFO = NO;
				SDKROOT = iphoneos;
				SWIFT_OPTIMIZATION_LEVEL = "-Owholemodule";
				TARGETED_DEVICE_FAMILY = "1,2";
				VALIDATE_PRODUCT = YES;
			};
			name = Release;
		};
		11E7E1391FCB57980029CE13 /* Debug */ = {
			isa = XCBuildConfiguration;
			buildSettings = {
				ASSETCATALOG_COMPILER_APPICON_NAME = AppIcon;
				DEVELOPMENT_TEAM = 5PJ639S4VT;
				INFOPLIST_FILE = PocketMortysCraftingRecipes/Info.plist;
				LD_RUNPATH_SEARCH_PATHS = "$(inherited) @executable_path/Frameworks";
				PRODUCT_BUNDLE_IDENTIFIER = com.appdojo.PocketMortysCraftingRecipes;
				PRODUCT_NAME = "$(TARGET_NAME)";
				SWIFT_VERSION = 3.0;
			};
			name = Debug;
		};
		11E7E13A1FCB57980029CE13 /* Release */ = {
			isa = XCBuildConfiguration;
			buildSettings = {
				ASSETCATALOG_COMPILER_APPICON_NAME = AppIcon;
				DEVELOPMENT_TEAM = 5PJ639S4VT;
				INFOPLIST_FILE = PocketMortysCraftingRecipes/Info.plist;
				LD_RUNPATH_SEARCH_PATHS = "$(inherited) @executable_path/Frameworks";
				PRODUCT_BUNDLE_IDENTIFIER = com.appdojo.PocketMortysCraftingRecipes;
				PRODUCT_NAME = "$(TARGET_NAME)";
				SWIFT_VERSION = 3.0;
			};
			name = Release;
		};
		11E7E13C1FCB57980029CE13 /* Debug */ = {
			isa = XCBuildConfiguration;
			buildSettings = {
				ALWAYS_EMBED_SWIFT_STANDARD_LIBRARIES = YES;
				BUNDLE_LOADER = "$(TEST_HOST)";
				DEVELOPMENT_TEAM = 5PJ639S4VT;
				INFOPLIST_FILE = PocketMortysCraftingRecipesTests/Info.plist;
				LD_RUNPATH_SEARCH_PATHS = "$(inherited) @executable_path/Frameworks @loader_path/Frameworks";
				PRODUCT_BUNDLE_IDENTIFIER = com.appdojo.PocketMortysCraftingRecipesTests;
				PRODUCT_NAME = "$(TARGET_NAME)";
				SWIFT_VERSION = 3.0;
				TEST_HOST = "$(BUILT_PRODUCTS_DIR)/PocketMortysCraftingRecipes.app/PocketMortysCraftingRecipes";
			};
			name = Debug;
		};
		11E7E13D1FCB57980029CE13 /* Release */ = {
			isa = XCBuildConfiguration;
			buildSettings = {
				ALWAYS_EMBED_SWIFT_STANDARD_LIBRARIES = YES;
				BUNDLE_LOADER = "$(TEST_HOST)";
				DEVELOPMENT_TEAM = 5PJ639S4VT;
				INFOPLIST_FILE = PocketMortysCraftingRecipesTests/Info.plist;
				LD_RUNPATH_SEARCH_PATHS = "$(inherited) @executable_path/Frameworks @loader_path/Frameworks";
				PRODUCT_BUNDLE_IDENTIFIER = com.appdojo.PocketMortysCraftingRecipesTests;
				PRODUCT_NAME = "$(TARGET_NAME)";
				SWIFT_VERSION = 3.0;
				TEST_HOST = "$(BUILT_PRODUCTS_DIR)/PocketMortysCraftingRecipes.app/PocketMortysCraftingRecipes";
			};
			name = Release;
		};
		11E7E13F1FCB57980029CE13 /* Debug */ = {
			isa = XCBuildConfiguration;
			buildSettings = {
				ALWAYS_EMBED_SWIFT_STANDARD_LIBRARIES = YES;
				DEVELOPMENT_TEAM = 5PJ639S4VT;
				INFOPLIST_FILE = PocketMortysCraftingRecipesUITests/Info.plist;
				LD_RUNPATH_SEARCH_PATHS = "$(inherited) @executable_path/Frameworks @loader_path/Frameworks";
				PRODUCT_BUNDLE_IDENTIFIER = com.appdojo.PocketMortysCraftingRecipesUITests;
				PRODUCT_NAME = "$(TARGET_NAME)";
				SWIFT_VERSION = 3.0;
				TEST_TARGET_NAME = PocketMortysCraftingRecipes;
			};
			name = Debug;
		};
		11E7E1401FCB57980029CE13 /* Release */ = {
			isa = XCBuildConfiguration;
			buildSettings = {
				ALWAYS_EMBED_SWIFT_STANDARD_LIBRARIES = YES;
				DEVELOPMENT_TEAM = 5PJ639S4VT;
				INFOPLIST_FILE = PocketMortysCraftingRecipesUITests/Info.plist;
				LD_RUNPATH_SEARCH_PATHS = "$(inherited) @executable_path/Frameworks @loader_path/Frameworks";
				PRODUCT_BUNDLE_IDENTIFIER = com.appdojo.PocketMortysCraftingRecipesUITests;
				PRODUCT_NAME = "$(TARGET_NAME)";
				SWIFT_VERSION = 3.0;
				TEST_TARGET_NAME = PocketMortysCraftingRecipes;
			};
			name = Release;
		};
/* End XCBuildConfiguration section */

/* Begin XCConfigurationList section */
		11E7E10B1FCB57980029CE13 /* Build configuration list for PBXProject "PocketMortysCraftingRecipes" */ = {
			isa = XCConfigurationList;
			buildConfigurations = (
				11E7E1361FCB57980029CE13 /* Debug */,
				11E7E1371FCB57980029CE13 /* Release */,
			);
			defaultConfigurationIsVisible = 0;
			defaultConfigurationName = Release;
		};
		11E7E1381FCB57980029CE13 /* Build configuration list for PBXNativeTarget "PocketMortysCraftingRecipes" */ = {
			isa = XCConfigurationList;
			buildConfigurations = (
				11E7E1391FCB57980029CE13 /* Debug */,
				11E7E13A1FCB57980029CE13 /* Release */,
			);
			defaultConfigurationIsVisible = 0;
		};
		11E7E13B1FCB57980029CE13 /* Build configuration list for PBXNativeTarget "PocketMortysCraftingRecipesTests" */ = {
			isa = XCConfigurationList;
			buildConfigurations = (
				11E7E13C1FCB57980029CE13 /* Debug */,
				11E7E13D1FCB57980029CE13 /* Release */,
			);
			defaultConfigurationIsVisible = 0;
		};
		11E7E13E1FCB57980029CE13 /* Build configuration list for PBXNativeTarget "PocketMortysCraftingRecipesUITests" */ = {
			isa = XCConfigurationList;
			buildConfigurations = (
				11E7E13F1FCB57980029CE13 /* Debug */,
				11E7E1401FCB57980029CE13 /* Release */,
			);
			defaultConfigurationIsVisible = 0;
		};
/* End XCConfigurationList section */
	};
	rootObject = 11E7E1081FCB57980029CE13 /* Project object */;
}
